<?xml version="1.0" encoding="UTF-8" standalone="yes" ?>
<CodeBlocks_project_file>
	<FileVersion major="1" minor="6" />
	<Project>
		<Option title="kernel" />
		<Option pch_mode="2" />
		<Option compiler="gcc" />
		<Build>
			<Target title="Debug">
				<Option output="../../../bin/kernel.sys" prefix_auto="0" extension_auto="0" />
				<Option working_dir="" />
				<Option object_output="Debug/" />
				<Option type="5" />
				<Option compiler="gcc" />
				<Compiler>
					<Add option="-Wall -m64 -msse2 -O0 -g -ffreestanding -pipe -nostdlib -std=c99 -mno-red-zone -mno-ms-bitfields" />
					<Add option="-DDEBUG" />
				</Compiler>
				<Linker>
					<Add option="@kernel.ops" />
				</Linker>
				<ExtraCommands>
					<Add after="cmd /c copy /y $(TARGET_OUTPUT_FILE) f:\" />
				</ExtraCommands>
			</Target>
			<Target title="Release">
				<Option output="../../../bin/kernel.sys" prefix_auto="0" extension_auto="0" />
				<Option working_dir="" />
				<Option object_output="Release/" />
				<Option type="5" />
				<Option compiler="gcc" />
				<Compiler>
					<Add option="-Wall  -O2 -ffreestanding -pipe -nostdlib -std=c99 -mno-red-zone -mno-ms-bitfields" />
					<Add option="-DBUILD_DLL" />
				</Compiler>
				<Linker>
					<Add option="@kernel.ops" />
				</Linker>
				<ExtraCommands>
					<Add after="cmd /c copy /y $(TARGET_OUTPUT_FILE) f:\" />
				</ExtraCommands>
			</Target>
		</Build>
		<Unit filename="DList.c">
			<Option compilerVar="CC" />
		</Unit>
		<Unit filename="Dlist.h" />
		<Unit filename="ahci.c">
			<Option compilerVar="CC" />
		</Unit>
		<Unit filename="ahci.h" />
		<Unit filename="atom.h" />
		<Unit filename="console.c">
			<Option compilerVar="CC" />
		</Unit>
		<Unit filename="cpuid.c">
			<Option compilerVar="CC" />
		</Unit>
		<Unit filename="dir.c">
			<Option compilerVar="CC" />
		</Unit>
		<Unit filename="dir.h" />
		<Unit filename="entry.S">
			<Option weight="0" />
		</Unit>
		<Unit filename="exception.S">
			<Option weight="1" />
		</Unit>
		<Unit filename="fat.c">
			<Option compilerVar="CC" />
		</Unit>
		<Unit filename="fat.h" />
		<Unit filename="gdbstub.c">
			<Option compilerVar="CC" />
		</Unit>
		<Unit filename="gdbstub.h" />
		<Unit filename="glib.S" />
		<Unit filename="graphic.c">
			<Option compilerVar="CC" />
		</Unit>
		<Unit filename="graphic.h" />
		<Unit filename="idt.c">
			<Option compilerVar="CC" />
		</Unit>
		<Unit filename="idt.h" />
		<Unit filename="isr.c">
			<Option compilerVar="CC" />
		</Unit>
		<Unit filename="isr.h" />
		<Unit filename="kbd.c">
			<Option compilerVar="CC" />
		</Unit>
		<Unit filename="kbd.h" />
		<Unit filename="kernel.cbp" />
		<Unit filename="kernel.h" />
		<Unit filename="kernel.lds" />
		<Unit filename="kernel.ops" />
		<Unit filename="kmalloc.c">
			<Option compilerVar="CC" />
		</Unit>
		<Unit filename="kmalloc.h" />
		<Unit filename="libc.c">
			<Option compilerVar="CC" />
		</Unit>
		<Unit filename="libc.h" />
		<Unit filename="main.c">
			<Option compilerVar="CC" />
		</Unit>
		<Unit filename="main.h" />
		<Unit filename="mouse.c">
			<Option compilerVar="CC" />
		</Unit>
		<Unit filename="msr.h" />
		<Unit filename="multiboot2.c">
			<Option compilerVar="CC" />
		</Unit>
		<Unit filename="multiboot2.h" />
		<Unit filename="object.c">
			<Option compilerVar="CC" />
		</Unit>
		<Unit filename="object.h" />
		<Unit filename="page.c">
			<Option compilerVar="CC" />
		</Unit>
		<Unit filename="page.h" />
		<Unit filename="page_map.c">
			<Option compilerVar="CC" />
		</Unit>
		<Unit filename="page_map.h" />
		<Unit filename="pci.c">
			<Option compilerVar="CC" />
		</Unit>
		<Unit filename="pci.h" />
		<Unit filename="pe.c">
			<Option compilerVar="CC" />
		</Unit>
		<Unit filename="pe.h" />
		<Unit filename="port.h" />
		<Unit filename="printk.c">
			<Option compilerVar="CC" />
		</Unit>
		<Unit filename="printk.h" />
		<Unit filename="process.c">
			<Option compilerVar="CC" />
		</Unit>
		<Unit filename="process.h" />
		<Unit filename="rtc.c">
			<Option compilerVar="CC" />
		</Unit>
		<Unit filename="rtc.h" />
		<Unit filename="sem.c">
			<Option compilerVar="CC" />
		</Unit>
		<Unit filename="sem.h" />
		<Unit filename="serial.c">
			<Option compilerVar="CC" />
		</Unit>
		<Unit filename="serial.h" />
		<Unit filename="spinlock.S" />
		<Unit filename="spinlock.h" />
		<Unit filename="syscall.c">
			<Option compilerVar="CC" />
		</Unit>
		<Unit filename="syscall.h" />
		<Unit filename="thread.c">
			<Option compilerVar="CC" />
		</Unit>
		<Unit filename="thread.h" />
		<Unit filename="timer.c">
			<Option compilerVar="CC" />
		</Unit>
		<Unit filename="timer.h" />
		<Unit filename="user.h" />
		<Unit filename="vesa.c">
			<Option compilerVar="CC" />
		</Unit>
		<Unit filename="vga.c">
			<Option compilerVar="CC" />
		</Unit>
		<Unit filename="vga.h" />
		<Unit filename="vmalloc.c">
			<Option compilerVar="CC" />
		</Unit>
		<Unit filename="vmalloc.h" />
		<Unit filename="vsnprintf.c">
			<Option compilerVar="CC" />
		</Unit>
		<Unit filename="vsnprintf.h" />
		<Unit filename="window.c">
			<Option compilerVar="CC" />
		</Unit>
		<Unit filename="window.h" />
		<Extensions>
			<code_completion />
			<envvars />
			<debugger>
				<remote_debugging target="Release">
					<options conn_type="2" serial_port="COM2" serial_baud="115200" />
				</remote_debugging>
				<remote_debugging target="Debug">
					<options conn_type="2" serial_port="COM2" serial_baud="115200" ip_address="127.0.0.1" ip_port="8864" additional_cmds="&#x0A;&#x0A;n" extended_remote="1" />
				</remote_debugging>
			</debugger>
			<lib_finder disable_auto="1" />
			<DoxyBlocks>
				<comment_style block="3" line="2" />
				<doxyfile_project />
				<doxyfile_build />
				<doxyfile_warnings />
				<doxyfile_output />
				<doxyfile_dot />
				<general />
			</DoxyBlocks>
		</Extensions>
	</Project>
</CodeBlocks_project_file>
