<?xml version="1.0" encoding="UTF-8" standalone="yes" ?>
<CodeBlocks_project_file>
	<FileVersion major="1" minor="6" />
	<Project>
		<Option title="test" />
		<Option pch_mode="2" />
		<Option compiler="gcc" />
		<Build>
			<Target title="Debug">
				<Option output="Debug/test.sys" prefix_auto="0" extension_auto="0" />
				<Option working_dir="" />
				<Option object_output="Debug/" />
				<Option type="5" />
				<Option compiler="gcc" />
				<Option projectCompilerOptionsRelation="1" />
				<Option projectLinkerOptionsRelation="1" />
				<Compiler>
					<Add option="-Wall" />
					<Add option="-g" />
					<Add option="-O0 -g -std=c99 -ffreestanding -nostdlib -mno-red-zone -mno-ms-bitfields -c" />
				</Compiler>
				<Linker>
					<Add option="../../../bin/kernel.sys -shared -nostdlib -g -ffreestanding -e module_init  -Wl,-Map=Debug/test.map -Wl,--image-base=0x100000000 -Wl,--section-alignment=0x1000 -Wl,--file-alignment=0x1000" />
				</Linker>
				<ExtraCommands>
					<Add after="cmd /c copy /y $(TARGET_OUTPUT_FILE) f:\" />
				</ExtraCommands>
			</Target>
			<Target title="Release">
				<Option output="Release/test" prefix_auto="1" extension_auto="1" />
				<Option object_output="Release/" />
				<Option type="3" />
				<Option compiler="gcc" />
				<Option createDefFile="1" />
				<Option createStaticLib="1" />
				<Compiler>
					<Add option="-Wall" />
					<Add option="-DBUILD_DLL" />
					<Add option="-O2" />
				</Compiler>
				<Linker>
					<Add option="-s" />
					<Add library="user32" />
				</Linker>
			</Target>
		</Build>
		<Unit filename="main.c">
			<Option compilerVar="CC" />
		</Unit>
		<Extensions>
			<code_completion />
			<envvars />
			<debugger />
		</Extensions>
	</Project>
</CodeBlocks_project_file>
